// !$*UTF8*$!
{
	archiveVersion = 1;
	classes = {
	};
	objectVersion = 56;
	objects = {

/* Begin PBXBuildFile section */
		84DF79442A85274400428EE5 /* AppDelegate.swift in Sources */ = {isa = PBXBuildFile; fileRef = 84DF79432A85274400428EE5 /* AppDelegate.swift */; };
		84DF79462A85274400428EE5 /* SceneDelegate.swift in Sources */ = {isa = PBXBuildFile; fileRef = 84DF79452A85274400428EE5 /* SceneDelegate.swift */; };
		84DF79482A85274400428EE5 /* EditPhotoVC.swift in Sources */ = {isa = PBXBuildFile; fileRef = 84DF79472A85274400428EE5 /* EditPhotoVC.swift */; };
		84DF794B2A85274400428EE5 /* Main.storyboard in Resources */ = {isa = PBXBuildFile; fileRef = 84DF79492A85274400428EE5 /* Main.storyboard */; };
		84DF794E2A85274400428EE5 /* PhotoEditor.xcdatamodeld in Sources */ = {isa = PBXBuildFile; fileRef = 84DF794C2A85274400428EE5 /* PhotoEditor.xcdatamodeld */; };
		84DF79502A85274600428EE5 /* Assets.xcassets in Resources */ = {isa = PBXBuildFile; fileRef = 84DF794F2A85274600428EE5 /* Assets.xcassets */; };
		84DF79532A85274600428EE5 /* LaunchScreen.storyboard in Resources */ = {isa = PBXBuildFile; fileRef = 84DF79512A85274600428EE5 /* LaunchScreen.storyboard */; };
		84DF79612A852A0B00428EE5 /* EditorVC + Extension.swift in Sources */ = {isa = PBXBuildFile; fileRef = 84DF79602A852A0B00428EE5 /* EditorVC + Extension.swift */; };
		84DF79672A8610D600428EE5 /* FilterModels.swift in Sources */ = {isa = PBXBuildFile; fileRef = 84DF79662A8610D600428EE5 /* FilterModels.swift */; };
/* End PBXBuildFile section */

/* Begin PBXFileReference section */
		84DF79402A85274400428EE5 /* PhotoEditor.app */ = {isa = PBXFileReference; explicitFileType = wrapper.application; includeInIndex = 0; path = PhotoEditor.app; sourceTree = BUILT_PRODUCTS_DIR; };
		84DF79432A85274400428EE5 /* AppDelegate.swift */ = {isa = PBXFileReference; lastKnownFileType = sourcecode.swift; path = AppDelegate.swift; sourceTree = "<group>"; };
		84DF79452A85274400428EE5 /* SceneDelegate.swift */ = {isa = PBXFileReference; lastKnownFileType = sourcecode.swift; path = SceneDelegate.swift; sourceTree = "<group>"; };
		84DF79472A85274400428EE5 /* EditPhotoVC.swift */ = {isa = PBXFileReference; lastKnownFileType = sourcecode.swift; path = EditPhotoVC.swift; sourceTree = "<group>"; };
		84DF794A2A85274400428EE5 /* Base */ = {isa = PBXFileReference; lastKnownFileType = file.storyboard; name = Base; path = Base.lproj/Main.storyboard; sourceTree = "<group>"; };
		84DF794D2A85274400428EE5 /* PhotoEditor.xcdatamodel */ = {isa = PBXFileReference; lastKnownFileType = wrapper.xcdatamodel; path = PhotoEditor.xcdatamodel; sourceTree = "<group>"; };
		84DF794F2A85274600428EE5 /* Assets.xcassets */ = {isa = PBXFileReference; lastKnownFileType = folder.assetcatalog; path = Assets.xcassets; sourceTree = "<group>"; };
		84DF79522A85274600428EE5 /* Base */ = {isa = PBXFileReference; lastKnownFileType = file.storyboard; name = Base; path = Base.lproj/LaunchScreen.storyboard; sourceTree = "<group>"; };
		84DF79542A85274600428EE5 /* Info.plist */ = {isa = PBXFileReference; lastKnownFileType = text.plist.xml; path = Info.plist; sourceTree = "<group>"; };
		84DF79602A852A0B00428EE5 /* EditorVC + Extension.swift */ = {isa = PBXFileReference; lastKnownFileType = sourcecode.swift; path = "EditorVC + Extension.swift"; sourceTree = "<group>"; };
		84DF79662A8610D600428EE5 /* FilterModels.swift */ = {isa = PBXFileReference; lastKnownFileType = sourcecode.swift; path = FilterModels.swift; sourceTree = "<group>"; };
/* End PBXFileReference section */

/* Begin PBXFrameworksBuildPhase section */
		84DF793D2A85274400428EE5 /* Frameworks */ = {
			isa = PBXFrameworksBuildPhase;
			buildActionMask = 2147483647;
			files = (
			);
			runOnlyForDeploymentPostprocessing = 0;
		};
/* End PBXFrameworksBuildPhase section */

/* Begin PBXGroup section */
		84DF79372A85274400428EE5 = {
			isa = PBXGroup;
			children = (
				84DF79422A85274400428EE5 /* PhotoEditor */,
				84DF79412A85274400428EE5 /* Products */,
			);
			sourceTree = "<group>";
		};
		84DF79412A85274400428EE5 /* Products */ = {
			isa = PBXGroup;
			children = (
				84DF79402A85274400428EE5 /* PhotoEditor.app */,
			);
			name = Products;
			sourceTree = "<group>";
		};
		84DF79422A85274400428EE5 /* PhotoEditor */ = {
			isa = PBXGroup;
			children = (
				84DF79622A852E3A00428EE5 /* Components */,
				84DF795D2A85298900428EE5 /* AppDelegate */,
				84DF795B2A85295A00428EE5 /* EditorScene */,
				84DF795F2A8529BE00428EE5 /* Storyboards */,
				84DF795E2A8529AB00428EE5 /* Resource */,
				84DF79542A85274600428EE5 /* Info.plist */,
				84DF794C2A85274400428EE5 /* PhotoEditor.xcdatamodeld */,
			);
			path = PhotoEditor;
			sourceTree = "<group>";
		};
		84DF795A2A85294C00428EE5 /* Extension */ = {
			isa = PBXGroup;
			children = (
				84DF79602A852A0B00428EE5 /* EditorVC + Extension.swift */,
			);
			path = Extension;
			sourceTree = "<group>";
		};
		84DF795B2A85295A00428EE5 /* EditorScene */ = {
			isa = PBXGroup;
			children = (
				84DF79652A8610C300428EE5 /* Models */,
				84DF795A2A85294C00428EE5 /* Extension */,
				84DF795C2A85297400428EE5 /* View */,
			);
			path = EditorScene;
			sourceTree = "<group>";
		};
		84DF795C2A85297400428EE5 /* View */ = {
			isa = PBXGroup;
			children = (
				84DF79472A85274400428EE5 /* EditPhotoVC.swift */,
			);
			path = View;
			sourceTree = "<group>";
		};
		84DF795D2A85298900428EE5 /* AppDelegate */ = {
			isa = PBXGroup;
			children = (
				84DF79452A85274400428EE5 /* SceneDelegate.swift */,
				84DF79432A85274400428EE5 /* AppDelegate.swift */,
			);
			path = AppDelegate;
			sourceTree = "<group>";
		};
		84DF795E2A8529AB00428EE5 /* Resource */ = {
			isa = PBXGroup;
			children = (
				84DF79512A85274600428EE5 /* LaunchScreen.storyboard */,
				84DF794F2A85274600428EE5 /* Assets.xcassets */,
			);
			path = Resource;
			sourceTree = "<group>";
		};
		84DF795F2A8529BE00428EE5 /* Storyboards */ = {
			isa = PBXGroup;
			children = (
				84DF79492A85274400428EE5 /* Main.storyboard */,
			);
			path = Storyboards;
			sourceTree = "<group>";
		};
		84DF79622A852E3A00428EE5 /* Components */ = {
			isa = PBXGroup;
			children = (
			);
			path = Components;
			sourceTree = "<group>";
		};
		84DF79652A8610C300428EE5 /* Models */ = {
			isa = PBXGroup;
			children = (
				84DF79662A8610D600428EE5 /* FilterModels.swift */,
			);
			path = Models;
			sourceTree = "<group>";
		};
/* End PBXGroup section */

/* Begin PBXNativeTarget section */
		84DF793F2A85274400428EE5 /* PhotoEditor */ = {
			isa = PBXNativeTarget;
			buildConfigurationList = 84DF79572A85274600428EE5 /* Build configuration list for PBXNativeTarget "PhotoEditor" */;
			buildPhases = (
				84DF793C2A85274400428EE5 /* Sources */,
				84DF793D2A85274400428EE5 /* Frameworks */,
				84DF793E2A85274400428EE5 /* Resources */,
			);
			buildRules = (
			);
			dependencies = (
			);
			name = PhotoEditor;
			productName = PhotoEditor;
			productReference = 84DF79402A85274400428EE5 /* PhotoEditor.app */;
			productType = "com.apple.product-type.application";
		};
/* End PBXNativeTarget section */

/* Begin PBXProject section */
		84DF79382A85274400428EE5 /* Project object */ = {
			isa = PBXProject;
			attributes = {
				BuildIndependentTargetsInParallel = 1;
				LastSwiftUpdateCheck = 1430;
				LastUpgradeCheck = 1430;
				TargetAttributes = {
					84DF793F2A85274400428EE5 = {
						CreatedOnToolsVersion = 14.3.1;
					};
				};
			};
			buildConfigurationList = 84DF793B2A85274400428EE5 /* Build configuration list for PBXProject "PhotoEditor" */;
			compatibilityVersion = "Xcode 14.0";
			developmentRegion = en;
			hasScannedForEncodings = 0;
			knownRegions = (
				en,
				Base,
			);
			mainGroup = 84DF79372A85274400428EE5;
			productRefGroup = 84DF79412A85274400428EE5 /* Products */;
			projectDirPath = "";
			projectRoot = "";
			targets = (
				84DF793F2A85274400428EE5 /* PhotoEditor */,
			);
		};
/* End PBXProject section */

/* Begin PBXResourcesBuildPhase section */
		84DF793E2A85274400428EE5 /* Resources */ = {
			isa = PBXResourcesBuildPhase;
			buildActionMask = 2147483647;
			files = (
				84DF79532A85274600428EE5 /* LaunchScreen.storyboard in Resources */,
				84DF79502A85274600428EE5 /* Assets.xcassets in Resources */,
				84DF794B2A85274400428EE5 /* Main.storyboard in Resources */,
			);
			runOnlyForDeploymentPostprocessing = 0;
		};
/* End PBXResourcesBuildPhase section */

/* Begin PBXSourcesBuildPhase section */
		84DF793C2A85274400428EE5 /* Sources */ = {
			isa = PBXSourcesBuildPhase;
			buildActionMask = 2147483647;
			files = (
				84DF79482A85274400428EE5 /* EditPhotoVC.swift in Sources */,
				84DF79672A8610D600428EE5 /* FilterModels.swift in Sources */,
				84DF794E2A85274400428EE5 /* PhotoEditor.xcdatamodeld in Sources */,
				84DF79612A852A0B00428EE5 /* EditorVC + Extension.swift in Sources */,
				84DF79442A85274400428EE5 /* AppDelegate.swift in Sources */,
				84DF79462A85274400428EE5 /* SceneDelegate.swift in Sources */,
			);
			runOnlyForDeploymentPostprocessing = 0;
		};
/* End PBXSourcesBuildPhase section */

/* Begin PBXVariantGroup section */
		84DF79492A85274400428EE5 /* Main.storyboard */ = {
			isa = PBXVariantGroup;
			children = (
				84DF794A2A85274400428EE5 /* Base */,
			);
			name = Main.storyboard;
			sourceTree = "<group>";
		};
		84DF79512A85274600428EE5 /* LaunchScreen.storyboard */ = {
			isa = PBXVariantGroup;
			children = (
				84DF79522A85274600428EE5 /* Base */,
			);
			name = LaunchScreen.storyboard;
			sourceTree = "<group>";
		};
/* End PBXVariantGroup section */

/* Begin XCBuildConfiguration section */
		84DF79552A85274600428EE5 /* Debug */ = {
			isa = XCBuildConfiguration;
			buildSettings = {
				ALWAYS_SEARCH_USER_PATHS = NO;
				CLANG_ANALYZER_NONNULL = YES;
				CLANG_ANALYZER_NUMBER_OBJECT_CONVERSION = YES_AGGRESSIVE;
				CLANG_CXX_LANGUAGE_STANDARD = "gnu++20";
				CLANG_ENABLE_MODULES = YES;
				CLANG_ENABLE_OBJC_ARC = YES;
				CLANG_ENABLE_OBJC_WEAK = YES;
				CLANG_WARN_BLOCK_CAPTURE_AUTORELEASING = YES;
				CLANG_WARN_BOOL_CONVERSION = YES;
				CLANG_WARN_COMMA = YES;
				CLANG_WARN_CONSTANT_CONVERSION = YES;
				CLANG_WARN_DEPRECATED_OBJC_IMPLEMENTATIONS = YES;
				CLANG_WARN_DIRECT_OBJC_ISA_USAGE = YES_ERROR;
				CLANG_WARN_DOCUMENTATION_COMMENTS = YES;
				CLANG_WARN_EMPTY_BODY = YES;
				CLANG_WARN_ENUM_CONVERSION = YES;
				CLANG_WARN_INFINITE_RECURSION = YES;
				CLANG_WARN_INT_CONVERSION = YES;
				CLANG_WARN_NON_LITERAL_NULL_CONVERSION = YES;
				CLANG_WARN_OBJC_IMPLICIT_RETAIN_SELF = YES;
				CLANG_WARN_OBJC_LITERAL_CONVERSION = YES;
				CLANG_WARN_OBJC_ROOT_CLASS = YES_ERROR;
				CLANG_WARN_QUOTED_INCLUDE_IN_FRAMEWORK_HEADER = YES;
				CLANG_WARN_RANGE_LOOP_ANALYSIS = YES;
				CLANG_WARN_STRICT_PROTOTYPES = YES;
				CLANG_WARN_SUSPICIOUS_MOVE = YES;
				CLANG_WARN_UNGUARDED_AVAILABILITY = YES_AGGRESSIVE;
				CLANG_WARN_UNREACHABLE_CODE = YES;
				CLANG_WARN__DUPLICATE_METHOD_MATCH = YES;
				COPY_PHASE_STRIP = NO;
				DEBUG_INFORMATION_FORMAT = dwarf;
				ENABLE_STRICT_OBJC_MSGSEND = YES;
				ENABLE_TESTABILITY = YES;
				GCC_C_LANGUAGE_STANDARD = gnu11;
				GCC_DYNAMIC_NO_PIC = NO;
				GCC_NO_COMMON_BLOCKS = YES;
				GCC_OPTIMIZATION_LEVEL = 0;
				GCC_PREPROCESSOR_DEFINITIONS = (
					"DEBUG=1",
					"$(inherited)",
				);
				GCC_WARN_64_TO_32_BIT_CONVERSION = YES;
				GCC_WARN_ABOUT_RETURN_TYPE = YES_ERROR;
				GCC_WARN_UNDECLARED_SELECTOR = YES;
				GCC_WARN_UNINITIALIZED_AUTOS = YES_AGGRESSIVE;
				GCC_WARN_UNUSED_FUNCTION = YES;
				GCC_WARN_UNUSED_VARIABLE = YES;
				IPHONEOS_DEPLOYMENT_TARGET = 16.4;
				MTL_ENABLE_DEBUG_INFO = INCLUDE_SOURCE;
				MTL_FAST_MATH = YES;
				ONLY_ACTIVE_ARCH = YES;
				SDKROOT = iphoneos;
				SWIFT_ACTIVE_COMPILATION_CONDITIONS = DEBUG;
				SWIFT_OPTIMIZATION_LEVEL = "-Onone";
			};
			name = Debug;
		};
		84DF79562A85274600428EE5 /* Release */ = {
			isa = XCBuildConfiguration;
			buildSettings = {
				ALWAYS_SEARCH_USER_PATHS = NO;
				CLANG_ANALYZER_NONNULL = YES;
				CLANG_ANALYZER_NUMBER_OBJECT_CONVERSION = YES_AGGRESSIVE;
				CLANG_CXX_LANGUAGE_STANDARD = "gnu++20";
				CLANG_ENABLE_MODULES = YES;
				CLANG_ENABLE_OBJC_ARC = YES;
				CLANG_ENABLE_OBJC_WEAK = YES;
				CLANG_WARN_BLOCK_CAPTURE_AUTORELEASING = YES;
				CLANG_WARN_BOOL_CONVERSION = YES;
				CLANG_WARN_COMMA = YES;
				CLANG_WARN_CONSTANT_CONVERSION = YES;
				CLANG_WARN_DEPRECATED_OBJC_IMPLEMENTATIONS = YES;
				CLANG_WARN_DIRECT_OBJC_ISA_USAGE = YES_ERROR;
				CLANG_WARN_DOCUMENTATION_COMMENTS = YES;
				CLANG_WARN_EMPTY_BODY = YES;
				CLANG_WARN_ENUM_CONVERSION = YES;
				CLANG_WARN_INFINITE_RECURSION = YES;
				CLANG_WARN_INT_CONVERSION = YES;
				CLANG_WARN_NON_LITERAL_NULL_CONVERSION = YES;
				CLANG_WARN_OBJC_IMPLICIT_RETAIN_SELF = YES;
				CLANG_WARN_OBJC_LITERAL_CONVERSION = YES;
				CLANG_WARN_OBJC_ROOT_CLASS = YES_ERROR;
				CLANG_WARN_QUOTED_INCLUDE_IN_FRAMEWORK_HEADER = YES;
				CLANG_WARN_RANGE_LOOP_ANALYSIS = YES;
				CLANG_WARN_STRICT_PROTOTYPES = YES;
				CLANG_WARN_SUSPICIOUS_MOVE = YES;
				CLANG_WARN_UNGUARDED_AVAILABILITY = YES_AGGRESSIVE;
				CLANG_WARN_UNREACHABLE_CODE = YES;
				CLANG_WARN__DUPLICATE_METHOD_MATCH = YES;
				COPY_PHASE_STRIP = NO;
				DEBUG_INFORMATION_FORMAT = "dwarf-with-dsym";
				ENABLE_NS_ASSERTIONS = NO;
				ENABLE_STRICT_OBJC_MSGSEND = YES;
				GCC_C_LANGUAGE_STANDARD = gnu11;
				GCC_NO_COMMON_BLOCKS = YES;
				GCC_WARN_64_TO_32_BIT_CONVERSION = YES;
				GCC_WARN_ABOUT_RETURN_TYPE = YES_ERROR;
				GCC_WARN_UNDECLARED_SELECTOR = YES;
				GCC_WARN_UNINITIALIZED_AUTOS = YES_AGGRESSIVE;
				GCC_WARN_UNUSED_FUNCTION = YES;
				GCC_WARN_UNUSED_VARIABLE = YES;
				IPHONEOS_DEPLOYMENT_TARGET = 16.4;
				MTL_ENABLE_DEBUG_INFO = NO;
				MTL_FAST_MATH = YES;
				SDKROOT = iphoneos;
				SWIFT_COMPILATION_MODE = wholemodule;
				SWIFT_OPTIMIZATION_LEVEL = "-O";
				VALIDATE_PRODUCT = YES;
			};
			name = Release;
		};
		84DF79582A85274600428EE5 /* Debug */ = {
			isa = XCBuildConfiguration;
			buildSettings = {
				ASSETCATALOG_COMPILER_APPICON_NAME = AppIcon;
				ASSETCATALOG_COMPILER_GLOBAL_ACCENT_COLOR_NAME = AccentColor;
				CODE_SIGN_STYLE = Automatic;
				CURRENT_PROJECT_VERSION = 1;
				DEVELOPMENT_TEAM = DYGLGH822J;
				GENERATE_INFOPLIST_FILE = YES;
				INFOPLIST_FILE = PhotoEditor/Info.plist;
				INFOPLIST_KEY_UIApplicationSupportsIndirectInputEvents = YES;
				INFOPLIST_KEY_UILaunchStoryboardName = LaunchScreen;
				INFOPLIST_KEY_UIMainStoryboardFile = Main;
				INFOPLIST_KEY_UISupportedInterfaceOrientations_iPad = "UIInterfaceOrientationPortrait UIInterfaceOrientationPortraitUpsideDown UIInterfaceOrientationLandscapeLeft UIInterfaceOrientationLandscapeRight";
				INFOPLIST_KEY_UISupportedInterfaceOrientations_iPhone = "UIInterfaceOrientationPortrait UIInterfaceOrientationLandscapeLeft UIInterfaceOrientationLandscapeRight";
				IPHONEOS_DEPLOYMENT_TARGET = 14.0;
				LD_RUNPATH_SEARCH_PATHS = (
					"$(inherited)",
					"@executable_path/Frameworks",
				);
				MARKETING_VERSION = 1.0;
				PRODUCT_BUNDLE_IDENTIFIER = com.photoEditor.com;
				PRODUCT_NAME = "$(TARGET_NAME)";
				SWIFT_EMIT_LOC_STRINGS = YES;
				SWIFT_VERSION = 5.0;
				TARGETED_DEVICE_FAMILY = "1,2";
			};
			name = Debug;
		};
		84DF79592A85274600428EE5 /* Release */ = {
			isa = XCBuildConfiguration;
			buildSettings = {
				ASSETCATALOG_COMPILER_APPICON_NAME = AppIcon;
				ASSETCATALOG_COMPILER_GLOBAL_ACCENT_COLOR_NAME = AccentColor;
				CODE_SIGN_STYLE = Automatic;
				CURRENT_PROJECT_VERSION = 1;
				DEVELOPMENT_TEAM = DYGLGH822J;
				GENERATE_INFOPLIST_FILE = YES;
				INFOPLIST_FILE = PhotoEditor/Info.plist;
				INFOPLIST_KEY_UIApplicationSupportsIndirectInputEvents = YES;
				INFOPLIST_KEY_UILaunchStoryboardName = LaunchScreen;
				INFOPLIST_KEY_UIMainStoryboardFile = Main;
				INFOPLIST_KEY_UISupportedInterfaceOrientations_iPad = "UIInterfaceOrientationPortrait UIInterfaceOrientationPortraitUpsideDown UIInterfaceOrientationLandscapeLeft UIInterfaceOrientationLandscapeRight";
				INFOPLIST_KEY_UISupportedInterfaceOrientations_iPhone = "UIInterfaceOrientationPortrait UIInterfaceOrientationLandscapeLeft UIInterfaceOrientationLandscapeRight";
				IPHONEOS_DEPLOYMENT_TARGET = 14.0;
				LD_RUNPATH_SEARCH_PATHS = (
					"$(inherited)",
					"@executable_path/Frameworks",
				);
				MARKETING_VERSION = 1.0;
				PRODUCT_BUNDLE_IDENTIFIER = com.photoEditor.com;
				PRODUCT_NAME = "$(TARGET_NAME)";
				SWIFT_EMIT_LOC_STRINGS = YES;
				SWIFT_VERSION = 5.0;
				TARGETED_DEVICE_FAMILY = "1,2";
			};
			name = Release;
		};
/* End XCBuildConfiguration section */

/* Begin XCConfigurationList section */
		84DF793B2A85274400428EE5 /* Build configuration list for PBXProject "PhotoEditor" */ = {
			isa = XCConfigurationList;
			buildConfigurations = (
				84DF79552A85274600428EE5 /* Debug */,
				84DF79562A85274600428EE5 /* Release */,
			);
			defaultConfigurationIsVisible = 0;
			defaultConfigurationName = Release;
		};
		84DF79572A85274600428EE5 /* Build configuration list for PBXNativeTarget "PhotoEditor" */ = {
			isa = XCConfigurationList;
			buildConfigurations = (
				84DF79582A85274600428EE5 /* Debug */,
				84DF79592A85274600428EE5 /* Release */,
			);
			defaultConfigurationIsVisible = 0;
			defaultConfigurationName = Release;
		};
/* End XCConfigurationList section */

/* Begin XCVersionGroup section */
		84DF794C2A85274400428EE5 /* PhotoEditor.xcdatamodeld */ = {
			isa = XCVersionGroup;
			children = (
				84DF794D2A85274400428EE5 /* PhotoEditor.xcdatamodel */,
			);
			currentVersion = 84DF794D2A85274400428EE5 /* PhotoEditor.xcdatamodel */;
			path = PhotoEditor.xcdatamodeld;
			sourceTree = "<group>";
			versionGroupType = wrapper.xcdatamodel;
		};
/* End XCVersionGroup section */
	};
	rootObject = 84DF79382A85274400428EE5 /* Project object */;
}
